
Microsoft Visual Studio Solution File, Format Version 12.00
# Visual Studio Version 17
VisualStudioVersion = 17.9.34701.34
MinimumVisualStudioVersion = 10.0.40219.1
Project("{9A19103F-16F7-4668-BE54-9A1E7A4F7556}") = "DiegoMoyanoProject", "DiegoMoyanoProject\DiegoMoyanoProject.csproj", "{FA9438DC-78FC-4749-852D-122CFB6CD62B}"
EndProject
Global
	GlobalSection(SolutionConfigurationPlatforms) = preSolution
		Debug|Any CPU = Debug|Any CPU
		Release|Any CPU = Release|Any CPU
	EndGlobalSection
	GlobalSection(ProjectConfigurationPlatforms) = postSolution
		{FA9438DC-78FC-4749-852D-122CFB6CD62B}.Debug|Any CPU.ActiveCfg = Debug|Any CPU
		{FA9438DC-78FC-4749-852D-122CFB6CD62B}.Debug|Any CPU.Build.0 = Debug|Any CPU
		{FA9438DC-78FC-4749-852D-122CFB6CD62B}.Release|Any CPU.ActiveCfg = Release|Any CPU
		{FA9438DC-78FC-4749-852D-122CFB6CD62B}.Release|Any CPU.Build.0 = Release|Any CPU
	EndGlobalSection
	GlobalSection(SolutionProperties) = preSolution
		HideSolutionNode = FALSE
	EndGlobalSection
	GlobalSection(ExtensibilityGlobals) = postSolution
		SolutionGuid = {F15990A3-D3D8-47EA-87ED-582F9BFCB1F8}
	EndGlobalSection
EndGlobal
